
Microsoft Visual Studio Solution File, Format Version 12.00
# Visual Studio Version 16
VisualStudioVersion = 16.0.28803.156
MinimumVisualStudioVersion = 10.0.40219.1
Project("{2150E333-8FDC-42A3-9474-1A3956D46DE8}") = "src", "src", "{32264656-7B4C-4CC5-A025-4E564EB4EB38}"
EndProject
Project("{2150E333-8FDC-42A3-9474-1A3956D46DE8}") = "tests", "tests", "{B725A865-C0C6-4EDC-8F58-454123A8500E}"
EndProject
Project("{2150E333-8FDC-42A3-9474-1A3956D46DE8}") = "Solution Items", "Solution Items", "{A87D4ABB-BED6-4384-BB44-AD99B2E9C486}"
	ProjectSection(SolutionItems) = preProject
		.gitignore = .gitignore
		Dockerfile = Dockerfile
		pack.sh = pack.sh
		README.md = README.md
	EndProjectSection
EndProject
Project("{9A19103F-16F7-4668-BE54-9A1E7A4F7556}") = "James.Avalonia.Behaviors.Interactivity.Async", "src\James.Avalonia.Behaviors.Interactivity.Async\James.Avalonia.Behaviors.Interactivity.Async.csproj", "{FB6204DF-2D1B-415C-A852-454F5A438A40}"
EndProject
Global
	GlobalSection(SolutionConfigurationPlatforms) = preSolution
		Debug|Any CPU = Debug|Any CPU
		Release|Any CPU = Release|Any CPU
	EndGlobalSection
	GlobalSection(ProjectConfigurationPlatforms) = postSolution
		{FB6204DF-2D1B-415C-A852-454F5A438A40}.Debug|Any CPU.ActiveCfg = Debug|Any CPU
		{FB6204DF-2D1B-415C-A852-454F5A438A40}.Debug|Any CPU.Build.0 = Debug|Any CPU
		{FB6204DF-2D1B-415C-A852-454F5A438A40}.Release|Any CPU.ActiveCfg = Release|Any CPU
		{FB6204DF-2D1B-415C-A852-454F5A438A40}.Release|Any CPU.Build.0 = Release|Any CPU
	EndGlobalSection
	GlobalSection(SolutionProperties) = preSolution
		HideSolutionNode = FALSE
	EndGlobalSection
	GlobalSection(NestedProjects) = preSolution
		{FB6204DF-2D1B-415C-A852-454F5A438A40} = {32264656-7B4C-4CC5-A025-4E564EB4EB38}
	EndGlobalSection
	GlobalSection(ExtensibilityGlobals) = postSolution
		SolutionGuid = {CD7421C1-23F4-47AB-8D7B-E1ECF772F464}
	EndGlobalSection
EndGlobal
